
Microsoft Visual Studio Solution File, Format Version 12.00
# Visual Studio 15
VisualStudioVersion = 15.0.27428.2005
MinimumVisualStudioVersion = 10.0.40219.1
Project("{FAE04EC0-301F-11D3-BF4B-00C04F79EFBC}") = "FIrst work", "FIrst work\FIrst work.csproj", "{C057F7E2-99E7-4355-988D-F9F31D119EDB}"
EndProject
Global
	GlobalSection(SolutionConfigurationPlatforms) = preSolution
		Debug|Any CPU = Debug|Any CPU
		Release|Any CPU = Release|Any CPU
	EndGlobalSection
	GlobalSection(ProjectConfigurationPlatforms) = postSolution
		{C057F7E2-99E7-4355-988D-F9F31D119EDB}.Debug|Any CPU.ActiveCfg = Debug|Any CPU
		{C057F7E2-99E7-4355-988D-F9F31D119EDB}.Debug|Any CPU.Build.0 = Debug|Any CPU
		{C057F7E2-99E7-4355-988D-F9F31D119EDB}.Release|Any CPU.ActiveCfg = Release|Any CPU
		{C057F7E2-99E7-4355-988D-F9F31D119EDB}.Release|Any CPU.Build.0 = Release|Any CPU
	EndGlobalSection
	GlobalSection(SolutionProperties) = preSolution
		HideSolutionNode = FALSE
	EndGlobalSection
	GlobalSection(ExtensibilityGlobals) = postSolution
		SolutionGuid = {0B0673D1-1570-4AFE-A1C4-F7208942FF98}
	EndGlobalSection
EndGlobal
